// !$*UTF8*$!
{
	archiveVersion = 1;
	classes = {
	};
	objectVersion = 56;
	objects = {

/* Begin PBXBuildFile section */
		088A11092CE595B600EC1002 /* AppDelegate.swift in Sources */ = {isa = PBXBuildFile; fileRef = 088A11082CE595B600EC1002 /* AppDelegate.swift */; };
		088A110B2CE595B600EC1002 /* SceneDelegate.swift in Sources */ = {isa = PBXBuildFile; fileRef = 088A110A2CE595B600EC1002 /* SceneDelegate.swift */; };
		088A110D2CE595B600EC1002 /* MasterViewController.swift in Sources */ = {isa = PBXBuildFile; fileRef = 088A110C2CE595B600EC1002 /* MasterViewController.swift */; };
		088A11102CE595B600EC1002 /* Main.storyboard in Resources */ = {isa = PBXBuildFile; fileRef = 088A110E2CE595B600EC1002 /* Main.storyboard */; };
		088A11132CE595B600EC1002 /* MiTunes.xcdatamodeld in Sources */ = {isa = PBXBuildFile; fileRef = 088A11112CE595B600EC1002 /* MiTunes.xcdatamodeld */; };
		088A11152CE595B800EC1002 /* Assets.xcassets in Resources */ = {isa = PBXBuildFile; fileRef = 088A11142CE595B800EC1002 /* Assets.xcassets */; };
		088A11182CE595B800EC1002 /* LaunchScreen.storyboard in Resources */ = {isa = PBXBuildFile; fileRef = 088A11162CE595B800EC1002 /* LaunchScreen.storyboard */; };
		088A11232CE595B900EC1002 /* MiTunesTests.swift in Sources */ = {isa = PBXBuildFile; fileRef = 088A11222CE595B900EC1002 /* MiTunesTests.swift */; };
		088A112D2CE595B900EC1002 /* MiTunesUITests.swift in Sources */ = {isa = PBXBuildFile; fileRef = 088A112C2CE595B900EC1002 /* MiTunesUITests.swift */; };
		088A112F2CE595B900EC1002 /* MiTunesUITestsLaunchTests.swift in Sources */ = {isa = PBXBuildFile; fileRef = 088A112E2CE595B900EC1002 /* MiTunesUITestsLaunchTests.swift */; };
		088A113D2CE5974400EC1002 /* Production.xcconfig in Resources */ = {isa = PBXBuildFile; fileRef = 088A113C2CE5974400EC1002 /* Production.xcconfig */; };
		088A113E2CE5974400EC1002 /* Production.xcconfig in Resources */ = {isa = PBXBuildFile; fileRef = 088A113C2CE5974400EC1002 /* Production.xcconfig */; };
		088A113F2CE5974400EC1002 /* Production.xcconfig in Resources */ = {isa = PBXBuildFile; fileRef = 088A113C2CE5974400EC1002 /* Production.xcconfig */; };
		088A11412CE5975500EC1002 /* Debug.xcconfig in Resources */ = {isa = PBXBuildFile; fileRef = 088A11402CE5975500EC1002 /* Debug.xcconfig */; };
		088A11422CE5975500EC1002 /* Debug.xcconfig in Resources */ = {isa = PBXBuildFile; fileRef = 088A11402CE5975500EC1002 /* Debug.xcconfig */; };
		088A11432CE5975500EC1002 /* Debug.xcconfig in Resources */ = {isa = PBXBuildFile; fileRef = 088A11402CE5975500EC1002 /* Debug.xcconfig */; };
		088A11472CE59BE800EC1002 /* AppConfiguration.swift in Sources */ = {isa = PBXBuildFile; fileRef = 088A11462CE59BE800EC1002 /* AppConfiguration.swift */; };
		088A11492CE59C3B00EC1002 /* Optional+Ext.swift in Sources */ = {isa = PBXBuildFile; fileRef = 088A11482CE59C3B00EC1002 /* Optional+Ext.swift */; };
		088A114A2CE59C4000EC1002 /* Optional+Ext.swift in Sources */ = {isa = PBXBuildFile; fileRef = 088A11482CE59C3B00EC1002 /* Optional+Ext.swift */; };
		088A114B2CE59C4000EC1002 /* Optional+Ext.swift in Sources */ = {isa = PBXBuildFile; fileRef = 088A11482CE59C3B00EC1002 /* Optional+Ext.swift */; };
		088A114C2CE59C4300EC1002 /* AppConfiguration.swift in Sources */ = {isa = PBXBuildFile; fileRef = 088A11462CE59BE800EC1002 /* AppConfiguration.swift */; };
		088A114D2CE59C4400EC1002 /* AppConfiguration.swift in Sources */ = {isa = PBXBuildFile; fileRef = 088A11462CE59BE800EC1002 /* AppConfiguration.swift */; };
		088A114F2CE59C7000EC1002 /* Utils+Ext.swift in Sources */ = {isa = PBXBuildFile; fileRef = 088A114E2CE59C7000EC1002 /* Utils+Ext.swift */; };
		088A11502CE59C7000EC1002 /* Utils+Ext.swift in Sources */ = {isa = PBXBuildFile; fileRef = 088A114E2CE59C7000EC1002 /* Utils+Ext.swift */; };
		088A11512CE59C7000EC1002 /* Utils+Ext.swift in Sources */ = {isa = PBXBuildFile; fileRef = 088A114E2CE59C7000EC1002 /* Utils+Ext.swift */; };
		088A11532CE5A08D00EC1002 /* MiTunesAPI.swift in Sources */ = {isa = PBXBuildFile; fileRef = 088A11522CE5A08D00EC1002 /* MiTunesAPI.swift */; };
		088A11542CE5A08D00EC1002 /* MiTunesAPI.swift in Sources */ = {isa = PBXBuildFile; fileRef = 088A11522CE5A08D00EC1002 /* MiTunesAPI.swift */; };
		088A11552CE5A08D00EC1002 /* MiTunesAPI.swift in Sources */ = {isa = PBXBuildFile; fileRef = 088A11522CE5A08D00EC1002 /* MiTunesAPI.swift */; };
		088A11582CE5A16400EC1002 /* MiTunesAPIProtocol.swift in Sources */ = {isa = PBXBuildFile; fileRef = 088A11572CE5A16400EC1002 /* MiTunesAPIProtocol.swift */; };
		088A11592CE5A16400EC1002 /* MiTunesAPIProtocol.swift in Sources */ = {isa = PBXBuildFile; fileRef = 088A11572CE5A16400EC1002 /* MiTunesAPIProtocol.swift */; };
		088A115A2CE5A16400EC1002 /* MiTunesAPIProtocol.swift in Sources */ = {isa = PBXBuildFile; fileRef = 088A11572CE5A16400EC1002 /* MiTunesAPIProtocol.swift */; };
		088A115C2CE5A61B00EC1002 /* iTunesServiceAPI.swift in Sources */ = {isa = PBXBuildFile; fileRef = 088A115B2CE5A61B00EC1002 /* iTunesServiceAPI.swift */; };
		088A115D2CE5A61B00EC1002 /* iTunesServiceAPI.swift in Sources */ = {isa = PBXBuildFile; fileRef = 088A115B2CE5A61B00EC1002 /* iTunesServiceAPI.swift */; };
		088A115E2CE5A61B00EC1002 /* iTunesServiceAPI.swift in Sources */ = {isa = PBXBuildFile; fileRef = 088A115B2CE5A61B00EC1002 /* iTunesServiceAPI.swift */; };
		088A11612CE5A9AC00EC1002 /* iTunesSearchResult.swift in Sources */ = {isa = PBXBuildFile; fileRef = 088A11602CE5A9AC00EC1002 /* iTunesSearchResult.swift */; };
		088A11622CE5A9AC00EC1002 /* iTunesSearchResult.swift in Sources */ = {isa = PBXBuildFile; fileRef = 088A11602CE5A9AC00EC1002 /* iTunesSearchResult.swift */; };
		088A11632CE5A9AC00EC1002 /* iTunesSearchResult.swift in Sources */ = {isa = PBXBuildFile; fileRef = 088A11602CE5A9AC00EC1002 /* iTunesSearchResult.swift */; };
		088A11652CE5AAAA00EC1002 /* iTunesMedia.swift in Sources */ = {isa = PBXBuildFile; fileRef = 088A11642CE5AAAA00EC1002 /* iTunesMedia.swift */; };
		088A11662CE5AAAA00EC1002 /* iTunesMedia.swift in Sources */ = {isa = PBXBuildFile; fileRef = 088A11642CE5AAAA00EC1002 /* iTunesMedia.swift */; };
		088A11672CE5AAAA00EC1002 /* iTunesMedia.swift in Sources */ = {isa = PBXBuildFile; fileRef = 088A11642CE5AAAA00EC1002 /* iTunesMedia.swift */; };
		08ADB60A2CE5C33E00205863 /* CoreDataStack.swift in Sources */ = {isa = PBXBuildFile; fileRef = 08ADB6092CE5C33E00205863 /* CoreDataStack.swift */; };
		08ADB60B2CE5C33E00205863 /* CoreDataStack.swift in Sources */ = {isa = PBXBuildFile; fileRef = 08ADB6092CE5C33E00205863 /* CoreDataStack.swift */; };
		08ADB60D2CE5C73800205863 /* MasterViewModel.swift in Sources */ = {isa = PBXBuildFile; fileRef = 08ADB60C2CE5C73800205863 /* MasterViewModel.swift */; };
		08ADB60E2CE5C73800205863 /* MasterViewModel.swift in Sources */ = {isa = PBXBuildFile; fileRef = 08ADB60C2CE5C73800205863 /* MasterViewModel.swift */; };
/* End PBXBuildFile section */

/* Begin PBXContainerItemProxy section */
		088A111F2CE595B900EC1002 /* PBXContainerItemProxy */ = {
			isa = PBXContainerItemProxy;
			containerPortal = 088A10FD2CE595B600EC1002 /* Project object */;
			proxyType = 1;
			remoteGlobalIDString = 088A11042CE595B600EC1002;
			remoteInfo = MiTunes;
		};
		088A11292CE595B900EC1002 /* PBXContainerItemProxy */ = {
			isa = PBXContainerItemProxy;
			containerPortal = 088A10FD2CE595B600EC1002 /* Project object */;
			proxyType = 1;
			remoteGlobalIDString = 088A11042CE595B600EC1002;
			remoteInfo = MiTunes;
		};
/* End PBXContainerItemProxy section */

/* Begin PBXFileReference section */
		088A11052CE595B600EC1002 /* MiTunes.app */ = {isa = PBXFileReference; explicitFileType = wrapper.application; includeInIndex = 0; path = MiTunes.app; sourceTree = BUILT_PRODUCTS_DIR; };
		088A11082CE595B600EC1002 /* AppDelegate.swift */ = {isa = PBXFileReference; lastKnownFileType = sourcecode.swift; path = AppDelegate.swift; sourceTree = "<group>"; };
		088A110A2CE595B600EC1002 /* SceneDelegate.swift */ = {isa = PBXFileReference; lastKnownFileType = sourcecode.swift; path = SceneDelegate.swift; sourceTree = "<group>"; };
		088A110C2CE595B600EC1002 /* MasterViewController.swift */ = {isa = PBXFileReference; lastKnownFileType = sourcecode.swift; path = MasterViewController.swift; sourceTree = "<group>"; };
		088A110F2CE595B600EC1002 /* Base */ = {isa = PBXFileReference; lastKnownFileType = file.storyboard; name = Base; path = Base.lproj/Main.storyboard; sourceTree = "<group>"; };
		088A11122CE595B600EC1002 /* MiTunes.xcdatamodel */ = {isa = PBXFileReference; lastKnownFileType = wrapper.xcdatamodel; path = MiTunes.xcdatamodel; sourceTree = "<group>"; };
		088A11142CE595B800EC1002 /* Assets.xcassets */ = {isa = PBXFileReference; lastKnownFileType = folder.assetcatalog; path = Assets.xcassets; sourceTree = "<group>"; };
		088A11172CE595B800EC1002 /* Base */ = {isa = PBXFileReference; lastKnownFileType = file.storyboard; name = Base; path = Base.lproj/LaunchScreen.storyboard; sourceTree = "<group>"; };
		088A11192CE595B800EC1002 /* Info.plist */ = {isa = PBXFileReference; lastKnownFileType = text.plist.xml; path = Info.plist; sourceTree = "<group>"; };
		088A111E2CE595B900EC1002 /* MiTunesTests.xctest */ = {isa = PBXFileReference; explicitFileType = wrapper.cfbundle; includeInIndex = 0; path = MiTunesTests.xctest; sourceTree = BUILT_PRODUCTS_DIR; };
		088A11222CE595B900EC1002 /* MiTunesTests.swift */ = {isa = PBXFileReference; lastKnownFileType = sourcecode.swift; path = MiTunesTests.swift; sourceTree = "<group>"; };
		088A11282CE595B900EC1002 /* MiTunesUITests.xctest */ = {isa = PBXFileReference; explicitFileType = wrapper.cfbundle; includeInIndex = 0; path = MiTunesUITests.xctest; sourceTree = BUILT_PRODUCTS_DIR; };
		088A112C2CE595B900EC1002 /* MiTunesUITests.swift */ = {isa = PBXFileReference; lastKnownFileType = sourcecode.swift; path = MiTunesUITests.swift; sourceTree = "<group>"; };
		088A112E2CE595B900EC1002 /* MiTunesUITestsLaunchTests.swift */ = {isa = PBXFileReference; lastKnownFileType = sourcecode.swift; path = MiTunesUITestsLaunchTests.swift; sourceTree = "<group>"; };
		088A113C2CE5974400EC1002 /* Production.xcconfig */ = {isa = PBXFileReference; lastKnownFileType = text.xcconfig; path = Production.xcconfig; sourceTree = "<group>"; };
		088A11402CE5975500EC1002 /* Debug.xcconfig */ = {isa = PBXFileReference; lastKnownFileType = text.xcconfig; path = Debug.xcconfig; sourceTree = "<group>"; };
		088A11462CE59BE800EC1002 /* AppConfiguration.swift */ = {isa = PBXFileReference; lastKnownFileType = sourcecode.swift; path = AppConfiguration.swift; sourceTree = "<group>"; };
		088A11482CE59C3B00EC1002 /* Optional+Ext.swift */ = {isa = PBXFileReference; lastKnownFileType = sourcecode.swift; path = "Optional+Ext.swift"; sourceTree = "<group>"; };
		088A114E2CE59C7000EC1002 /* Utils+Ext.swift */ = {isa = PBXFileReference; lastKnownFileType = sourcecode.swift; path = "Utils+Ext.swift"; sourceTree = "<group>"; };
		088A11522CE5A08D00EC1002 /* MiTunesAPI.swift */ = {isa = PBXFileReference; lastKnownFileType = sourcecode.swift; path = MiTunesAPI.swift; sourceTree = "<group>"; };
		088A11572CE5A16400EC1002 /* MiTunesAPIProtocol.swift */ = {isa = PBXFileReference; lastKnownFileType = sourcecode.swift; path = MiTunesAPIProtocol.swift; sourceTree = "<group>"; };
		088A115B2CE5A61B00EC1002 /* iTunesServiceAPI.swift */ = {isa = PBXFileReference; lastKnownFileType = sourcecode.swift; path = iTunesServiceAPI.swift; sourceTree = "<group>"; };
		088A11602CE5A9AC00EC1002 /* iTunesSearchResult.swift */ = {isa = PBXFileReference; lastKnownFileType = sourcecode.swift; path = iTunesSearchResult.swift; sourceTree = "<group>"; };
		088A11642CE5AAAA00EC1002 /* iTunesMedia.swift */ = {isa = PBXFileReference; lastKnownFileType = sourcecode.swift; path = iTunesMedia.swift; sourceTree = "<group>"; };
		08ADB6092CE5C33E00205863 /* CoreDataStack.swift */ = {isa = PBXFileReference; lastKnownFileType = sourcecode.swift; path = CoreDataStack.swift; sourceTree = "<group>"; };
		08ADB60C2CE5C73800205863 /* MasterViewModel.swift */ = {isa = PBXFileReference; lastKnownFileType = sourcecode.swift; path = MasterViewModel.swift; sourceTree = "<group>"; };
/* End PBXFileReference section */

/* Begin PBXFrameworksBuildPhase section */
		088A11022CE595B600EC1002 /* Frameworks */ = {
			isa = PBXFrameworksBuildPhase;
			buildActionMask = 2147483647;
			files = (
			);
			runOnlyForDeploymentPostprocessing = 0;
		};
		088A111B2CE595B900EC1002 /* Frameworks */ = {
			isa = PBXFrameworksBuildPhase;
			buildActionMask = 2147483647;
			files = (
			);
			runOnlyForDeploymentPostprocessing = 0;
		};
		088A11252CE595B900EC1002 /* Frameworks */ = {
			isa = PBXFrameworksBuildPhase;
			buildActionMask = 2147483647;
			files = (
			);
			runOnlyForDeploymentPostprocessing = 0;
		};
/* End PBXFrameworksBuildPhase section */

/* Begin PBXGroup section */
		088A10FC2CE595B600EC1002 = {
			isa = PBXGroup;
			children = (
				088A11072CE595B600EC1002 /* MiTunes */,
				088A11212CE595B900EC1002 /* MiTunesTests */,
				088A112B2CE595B900EC1002 /* MiTunesUITests */,
				088A11062CE595B600EC1002 /* Products */,
			);
			sourceTree = "<group>";
		};
		088A11062CE595B600EC1002 /* Products */ = {
			isa = PBXGroup;
			children = (
				088A11052CE595B600EC1002 /* MiTunes.app */,
				088A111E2CE595B900EC1002 /* MiTunesTests.xctest */,
				088A11282CE595B900EC1002 /* MiTunesUITests.xctest */,
			);
			name = Products;
			sourceTree = "<group>";
		};
		088A11072CE595B600EC1002 /* MiTunes */ = {
			isa = PBXGroup;
			children = (
				088A115F2CE5A99300EC1002 /* Models */,
				088A11452CE59BCF00EC1002 /* Services */,
				088A11442CE59BC000EC1002 /* Utils */,
				088A113B2CE5970F00EC1002 /* Configuration */,
				088A11082CE595B600EC1002 /* AppDelegate.swift */,
				088A110A2CE595B600EC1002 /* SceneDelegate.swift */,
				088A110C2CE595B600EC1002 /* MasterViewController.swift */,
				08ADB60C2CE5C73800205863 /* MasterViewModel.swift */,
				088A110E2CE595B600EC1002 /* Main.storyboard */,
				088A11142CE595B800EC1002 /* Assets.xcassets */,
				088A11162CE595B800EC1002 /* LaunchScreen.storyboard */,
				088A11192CE595B800EC1002 /* Info.plist */,
				088A11112CE595B600EC1002 /* MiTunes.xcdatamodeld */,
			);
			path = MiTunes;
			sourceTree = "<group>";
		};
		088A11212CE595B900EC1002 /* MiTunesTests */ = {
			isa = PBXGroup;
			children = (
				088A11222CE595B900EC1002 /* MiTunesTests.swift */,
			);
			path = MiTunesTests;
			sourceTree = "<group>";
		};
		088A112B2CE595B900EC1002 /* MiTunesUITests */ = {
			isa = PBXGroup;
			children = (
				088A112C2CE595B900EC1002 /* MiTunesUITests.swift */,
				088A112E2CE595B900EC1002 /* MiTunesUITestsLaunchTests.swift */,
			);
			path = MiTunesUITests;
			sourceTree = "<group>";
		};
		088A113B2CE5970F00EC1002 /* Configuration */ = {
			isa = PBXGroup;
			children = (
				088A113C2CE5974400EC1002 /* Production.xcconfig */,
				088A11402CE5975500EC1002 /* Debug.xcconfig */,
			);
			path = Configuration;
			sourceTree = "<group>";
		};
		088A11442CE59BC000EC1002 /* Utils */ = {
			isa = PBXGroup;
			children = (
				088A11482CE59C3B00EC1002 /* Optional+Ext.swift */,
				088A114E2CE59C7000EC1002 /* Utils+Ext.swift */,
			);
			path = Utils;
			sourceTree = "<group>";
		};
		088A11452CE59BCF00EC1002 /* Services */ = {
			isa = PBXGroup;
			children = (
				088A11462CE59BE800EC1002 /* AppConfiguration.swift */,
				088A115B2CE5A61B00EC1002 /* iTunesServiceAPI.swift */,
				088A11562CE5A15600EC1002 /* API */,
				08ADB6092CE5C33E00205863 /* CoreDataStack.swift */,
			);
			path = Services;
			sourceTree = "<group>";
		};
		088A11562CE5A15600EC1002 /* API */ = {
			isa = PBXGroup;
			children = (
				088A11522CE5A08D00EC1002 /* MiTunesAPI.swift */,
				088A11572CE5A16400EC1002 /* MiTunesAPIProtocol.swift */,
			);
			path = API;
			sourceTree = "<group>";
		};
		088A115F2CE5A99300EC1002 /* Models */ = {
			isa = PBXGroup;
			children = (
				088A11602CE5A9AC00EC1002 /* iTunesSearchResult.swift */,
				088A11642CE5AAAA00EC1002 /* iTunesMedia.swift */,
			);
			path = Models;
			sourceTree = "<group>";
		};
/* End PBXGroup section */

/* Begin PBXNativeTarget section */
		088A11042CE595B600EC1002 /* MiTunes */ = {
			isa = PBXNativeTarget;
			buildConfigurationList = 088A11322CE595B900EC1002 /* Build configuration list for PBXNativeTarget "MiTunes" */;
			buildPhases = (
				088A11012CE595B600EC1002 /* Sources */,
				088A11022CE595B600EC1002 /* Frameworks */,
				088A11032CE595B600EC1002 /* Resources */,
			);
			buildRules = (
			);
			dependencies = (
			);
			name = MiTunes;
			productName = MiTunes;
			productReference = 088A11052CE595B600EC1002 /* MiTunes.app */;
			productType = "com.apple.product-type.application";
		};
		088A111D2CE595B900EC1002 /* MiTunesTests */ = {
			isa = PBXNativeTarget;
			buildConfigurationList = 088A11352CE595B900EC1002 /* Build configuration list for PBXNativeTarget "MiTunesTests" */;
			buildPhases = (
				088A111A2CE595B900EC1002 /* Sources */,
				088A111B2CE595B900EC1002 /* Frameworks */,
				088A111C2CE595B900EC1002 /* Resources */,
			);
			buildRules = (
			);
			dependencies = (
				088A11202CE595B900EC1002 /* PBXTargetDependency */,
			);
			name = MiTunesTests;
			productName = MiTunesTests;
			productReference = 088A111E2CE595B900EC1002 /* MiTunesTests.xctest */;
			productType = "com.apple.product-type.bundle.unit-test";
		};
		088A11272CE595B900EC1002 /* MiTunesUITests */ = {
			isa = PBXNativeTarget;
			buildConfigurationList = 088A11382CE595B900EC1002 /* Build configuration list for PBXNativeTarget "MiTunesUITests" */;
			buildPhases = (
				088A11242CE595B900EC1002 /* Sources */,
				088A11252CE595B900EC1002 /* Frameworks */,
				088A11262CE595B900EC1002 /* Resources */,
			);
			buildRules = (
			);
			dependencies = (
				088A112A2CE595B900EC1002 /* PBXTargetDependency */,
			);
			name = MiTunesUITests;
			productName = MiTunesUITests;
			productReference = 088A11282CE595B900EC1002 /* MiTunesUITests.xctest */;
			productType = "com.apple.product-type.bundle.ui-testing";
		};
/* End PBXNativeTarget section */

/* Begin PBXProject section */
		088A10FD2CE595B600EC1002 /* Project object */ = {
			isa = PBXProject;
			attributes = {
				BuildIndependentTargetsInParallel = 1;
				LastSwiftUpdateCheck = 1500;
				LastUpgradeCheck = 1500;
				TargetAttributes = {
					088A11042CE595B600EC1002 = {
						CreatedOnToolsVersion = 15.0.1;
					};
					088A111D2CE595B900EC1002 = {
						CreatedOnToolsVersion = 15.0.1;
						TestTargetID = 088A11042CE595B600EC1002;
					};
					088A11272CE595B900EC1002 = {
						CreatedOnToolsVersion = 15.0.1;
						TestTargetID = 088A11042CE595B600EC1002;
					};
				};
			};
			buildConfigurationList = 088A11002CE595B600EC1002 /* Build configuration list for PBXProject "MiTunes" */;
			compatibilityVersion = "Xcode 14.0";
			developmentRegion = en;
			hasScannedForEncodings = 0;
			knownRegions = (
				en,
				Base,
			);
			mainGroup = 088A10FC2CE595B600EC1002;
			productRefGroup = 088A11062CE595B600EC1002 /* Products */;
			projectDirPath = "";
			projectRoot = "";
			targets = (
				088A11042CE595B600EC1002 /* MiTunes */,
				088A111D2CE595B900EC1002 /* MiTunesTests */,
				088A11272CE595B900EC1002 /* MiTunesUITests */,
			);
		};
/* End PBXProject section */

/* Begin PBXResourcesBuildPhase section */
		088A11032CE595B600EC1002 /* Resources */ = {
			isa = PBXResourcesBuildPhase;
			buildActionMask = 2147483647;
			files = (
				088A11182CE595B800EC1002 /* LaunchScreen.storyboard in Resources */,
				088A113D2CE5974400EC1002 /* Production.xcconfig in Resources */,
				088A11152CE595B800EC1002 /* Assets.xcassets in Resources */,
				088A11412CE5975500EC1002 /* Debug.xcconfig in Resources */,
				088A11102CE595B600EC1002 /* Main.storyboard in Resources */,
			);
			runOnlyForDeploymentPostprocessing = 0;
		};
		088A111C2CE595B900EC1002 /* Resources */ = {
			isa = PBXResourcesBuildPhase;
			buildActionMask = 2147483647;
			files = (
				088A11422CE5975500EC1002 /* Debug.xcconfig in Resources */,
				088A113E2CE5974400EC1002 /* Production.xcconfig in Resources */,
			);
			runOnlyForDeploymentPostprocessing = 0;
		};
		088A11262CE595B900EC1002 /* Resources */ = {
			isa = PBXResourcesBuildPhase;
			buildActionMask = 2147483647;
			files = (
				088A11432CE5975500EC1002 /* Debug.xcconfig in Resources */,
				088A113F2CE5974400EC1002 /* Production.xcconfig in Resources */,
			);
			runOnlyForDeploymentPostprocessing = 0;
		};
/* End PBXResourcesBuildPhase section */

/* Begin PBXSourcesBuildPhase section */
		088A11012CE595B600EC1002 /* Sources */ = {
			isa = PBXSourcesBuildPhase;
			buildActionMask = 2147483647;
			files = (
				08ADB60D2CE5C73800205863 /* MasterViewModel.swift in Sources */,
				088A110D2CE595B600EC1002 /* MasterViewController.swift in Sources */,
				088A11472CE59BE800EC1002 /* AppConfiguration.swift in Sources */,
				088A11612CE5A9AC00EC1002 /* iTunesSearchResult.swift in Sources */,
				088A11582CE5A16400EC1002 /* MiTunesAPIProtocol.swift in Sources */,
				088A11532CE5A08D00EC1002 /* MiTunesAPI.swift in Sources */,
				088A114F2CE59C7000EC1002 /* Utils+Ext.swift in Sources */,
				08ADB60A2CE5C33E00205863 /* CoreDataStack.swift in Sources */,
				088A11132CE595B600EC1002 /* MiTunes.xcdatamodeld in Sources */,
				088A115C2CE5A61B00EC1002 /* iTunesServiceAPI.swift in Sources */,
				088A11652CE5AAAA00EC1002 /* iTunesMedia.swift in Sources */,
				088A11092CE595B600EC1002 /* AppDelegate.swift in Sources */,
				088A110B2CE595B600EC1002 /* SceneDelegate.swift in Sources */,
				088A11492CE59C3B00EC1002 /* Optional+Ext.swift in Sources */,
			);
			runOnlyForDeploymentPostprocessing = 0;
		};
		088A111A2CE595B900EC1002 /* Sources */ = {
			isa = PBXSourcesBuildPhase;
			buildActionMask = 2147483647;
			files = (
				088A11622CE5A9AC00EC1002 /* iTunesSearchResult.swift in Sources */,
				088A11542CE5A08D00EC1002 /* MiTunesAPI.swift in Sources */,
				088A114D2CE59C4400EC1002 /* AppConfiguration.swift in Sources */,
				088A11592CE5A16400EC1002 /* MiTunesAPIProtocol.swift in Sources */,
				088A11232CE595B900EC1002 /* MiTunesTests.swift in Sources */,
				08ADB60B2CE5C33E00205863 /* CoreDataStack.swift in Sources */,
				088A11662CE5AAAA00EC1002 /* iTunesMedia.swift in Sources */,
				08ADB60E2CE5C73800205863 /* MasterViewModel.swift in Sources */,
				088A115D2CE5A61B00EC1002 /* iTunesServiceAPI.swift in Sources */,
				088A114A2CE59C4000EC1002 /* Optional+Ext.swift in Sources */,
				088A11502CE59C7000EC1002 /* Utils+Ext.swift in Sources */,
			);
			runOnlyForDeploymentPostprocessing = 0;
		};
		088A11242CE595B900EC1002 /* Sources */ = {
			isa = PBXSourcesBuildPhase;
			buildActionMask = 2147483647;
			files = (
				088A11672CE5AAAA00EC1002 /* iTunesMedia.swift in Sources */,
				088A115A2CE5A16400EC1002 /* MiTunesAPIProtocol.swift in Sources */,
				088A11632CE5A9AC00EC1002 /* iTunesSearchResult.swift in Sources */,
				088A112F2CE595B900EC1002 /* MiTunesUITestsLaunchTests.swift in Sources */,
				088A11512CE59C7000EC1002 /* Utils+Ext.swift in Sources */,
				088A11552CE5A08D00EC1002 /* MiTunesAPI.swift in Sources */,
				088A115E2CE5A61B00EC1002 /* iTunesServiceAPI.swift in Sources */,
				088A112D2CE595B900EC1002 /* MiTunesUITests.swift in Sources */,
				088A114C2CE59C4300EC1002 /* AppConfiguration.swift in Sources */,
				088A114B2CE59C4000EC1002 /* Optional+Ext.swift in Sources */,
			);
			runOnlyForDeploymentPostprocessing = 0;
		};
/* End PBXSourcesBuildPhase section */

/* Begin PBXTargetDependency section */
		088A11202CE595B900EC1002 /* PBXTargetDependency */ = {
			isa = PBXTargetDependency;
			target = 088A11042CE595B600EC1002 /* MiTunes */;
			targetProxy = 088A111F2CE595B900EC1002 /* PBXContainerItemProxy */;
		};
		088A112A2CE595B900EC1002 /* PBXTargetDependency */ = {
			isa = PBXTargetDependency;
			target = 088A11042CE595B600EC1002 /* MiTunes */;
			targetProxy = 088A11292CE595B900EC1002 /* PBXContainerItemProxy */;
		};
/* End PBXTargetDependency section */

/* Begin PBXVariantGroup section */
		088A110E2CE595B600EC1002 /* Main.storyboard */ = {
			isa = PBXVariantGroup;
			children = (
				088A110F2CE595B600EC1002 /* Base */,
			);
			name = Main.storyboard;
			sourceTree = "<group>";
		};
		088A11162CE595B800EC1002 /* LaunchScreen.storyboard */ = {
			isa = PBXVariantGroup;
			children = (
				088A11172CE595B800EC1002 /* Base */,
			);
			name = LaunchScreen.storyboard;
			sourceTree = "<group>";
		};
/* End PBXVariantGroup section */

/* Begin XCBuildConfiguration section */
		088A11302CE595B900EC1002 /* Debug */ = {
			isa = XCBuildConfiguration;
			buildSettings = {
				ALWAYS_SEARCH_USER_PATHS = NO;
				ASSETCATALOG_COMPILER_GENERATE_SWIFT_ASSET_SYMBOL_EXTENSIONS = YES;
				CLANG_ANALYZER_NONNULL = YES;
				CLANG_ANALYZER_NUMBER_OBJECT_CONVERSION = YES_AGGRESSIVE;
				CLANG_CXX_LANGUAGE_STANDARD = "gnu++20";
				CLANG_ENABLE_MODULES = YES;
				CLANG_ENABLE_OBJC_ARC = YES;
				CLANG_ENABLE_OBJC_WEAK = YES;
				CLANG_WARN_BLOCK_CAPTURE_AUTORELEASING = YES;
				CLANG_WARN_BOOL_CONVERSION = YES;
				CLANG_WARN_COMMA = YES;
				CLANG_WARN_CONSTANT_CONVERSION = YES;
				CLANG_WARN_DEPRECATED_OBJC_IMPLEMENTATIONS = YES;
				CLANG_WARN_DIRECT_OBJC_ISA_USAGE = YES_ERROR;
				CLANG_WARN_DOCUMENTATION_COMMENTS = YES;
				CLANG_WARN_EMPTY_BODY = YES;
				CLANG_WARN_ENUM_CONVERSION = YES;
				CLANG_WARN_INFINITE_RECURSION = YES;
				CLANG_WARN_INT_CONVERSION = YES;
				CLANG_WARN_NON_LITERAL_NULL_CONVERSION = YES;
				CLANG_WARN_OBJC_IMPLICIT_RETAIN_SELF = YES;
				CLANG_WARN_OBJC_LITERAL_CONVERSION = YES;
				CLANG_WARN_OBJC_ROOT_CLASS = YES_ERROR;
				CLANG_WARN_QUOTED_INCLUDE_IN_FRAMEWORK_HEADER = YES;
				CLANG_WARN_RANGE_LOOP_ANALYSIS = YES;
				CLANG_WARN_STRICT_PROTOTYPES = YES;
				CLANG_WARN_SUSPICIOUS_MOVE = YES;
				CLANG_WARN_UNGUARDED_AVAILABILITY = YES_AGGRESSIVE;
				CLANG_WARN_UNREACHABLE_CODE = YES;
				CLANG_WARN__DUPLICATE_METHOD_MATCH = YES;
				COPY_PHASE_STRIP = NO;
				DEBUG_INFORMATION_FORMAT = dwarf;
				ENABLE_STRICT_OBJC_MSGSEND = YES;
				ENABLE_TESTABILITY = YES;
				ENABLE_USER_SCRIPT_SANDBOXING = YES;
				GCC_C_LANGUAGE_STANDARD = gnu17;
				GCC_DYNAMIC_NO_PIC = NO;
				GCC_NO_COMMON_BLOCKS = YES;
				GCC_OPTIMIZATION_LEVEL = 0;
				GCC_PREPROCESSOR_DEFINITIONS = (
					"DEBUG=1",
					"$(inherited)",
				);
				GCC_WARN_64_TO_32_BIT_CONVERSION = YES;
				GCC_WARN_ABOUT_RETURN_TYPE = YES_ERROR;
				GCC_WARN_UNDECLARED_SELECTOR = YES;
				GCC_WARN_UNINITIALIZED_AUTOS = YES_AGGRESSIVE;
				GCC_WARN_UNUSED_FUNCTION = YES;
				GCC_WARN_UNUSED_VARIABLE = YES;
				IPHONEOS_DEPLOYMENT_TARGET = 17.0;
				LOCALIZATION_PREFERS_STRING_CATALOGS = YES;
				MTL_ENABLE_DEBUG_INFO = INCLUDE_SOURCE;
				MTL_FAST_MATH = YES;
				ONLY_ACTIVE_ARCH = YES;
				SDKROOT = iphoneos;
				SWIFT_ACTIVE_COMPILATION_CONDITIONS = "DEBUG $(inherited)";
				SWIFT_OPTIMIZATION_LEVEL = "-Onone";
			};
			name = Debug;
		};
		088A11312CE595B900EC1002 /* Release */ = {
			isa = XCBuildConfiguration;
			buildSettings = {
				ALWAYS_SEARCH_USER_PATHS = NO;
				ASSETCATALOG_COMPILER_GENERATE_SWIFT_ASSET_SYMBOL_EXTENSIONS = YES;
				CLANG_ANALYZER_NONNULL = YES;
				CLANG_ANALYZER_NUMBER_OBJECT_CONVERSION = YES_AGGRESSIVE;
				CLANG_CXX_LANGUAGE_STANDARD = "gnu++20";
				CLANG_ENABLE_MODULES = YES;
				CLANG_ENABLE_OBJC_ARC = YES;
				CLANG_ENABLE_OBJC_WEAK = YES;
				CLANG_WARN_BLOCK_CAPTURE_AUTORELEASING = YES;
				CLANG_WARN_BOOL_CONVERSION = YES;
				CLANG_WARN_COMMA = YES;
				CLANG_WARN_CONSTANT_CONVERSION = YES;
				CLANG_WARN_DEPRECATED_OBJC_IMPLEMENTATIONS = YES;
				CLANG_WARN_DIRECT_OBJC_ISA_USAGE = YES_ERROR;
				CLANG_WARN_DOCUMENTATION_COMMENTS = YES;
				CLANG_WARN_EMPTY_BODY = YES;
				CLANG_WARN_ENUM_CONVERSION = YES;
				CLANG_WARN_INFINITE_RECURSION = YES;
				CLANG_WARN_INT_CONVERSION = YES;
				CLANG_WARN_NON_LITERAL_NULL_CONVERSION = YES;
				CLANG_WARN_OBJC_IMPLICIT_RETAIN_SELF = YES;
				CLANG_WARN_OBJC_LITERAL_CONVERSION = YES;
				CLANG_WARN_OBJC_ROOT_CLASS = YES_ERROR;
				CLANG_WARN_QUOTED_INCLUDE_IN_FRAMEWORK_HEADER = YES;
				CLANG_WARN_RANGE_LOOP_ANALYSIS = YES;
				CLANG_WARN_STRICT_PROTOTYPES = YES;
				CLANG_WARN_SUSPICIOUS_MOVE = YES;
				CLANG_WARN_UNGUARDED_AVAILABILITY = YES_AGGRESSIVE;
				CLANG_WARN_UNREACHABLE_CODE = YES;
				CLANG_WARN__DUPLICATE_METHOD_MATCH = YES;
				COPY_PHASE_STRIP = NO;
				DEBUG_INFORMATION_FORMAT = "dwarf-with-dsym";
				ENABLE_NS_ASSERTIONS = NO;
				ENABLE_STRICT_OBJC_MSGSEND = YES;
				ENABLE_USER_SCRIPT_SANDBOXING = YES;
				GCC_C_LANGUAGE_STANDARD = gnu17;
				GCC_NO_COMMON_BLOCKS = YES;
				GCC_WARN_64_TO_32_BIT_CONVERSION = YES;
				GCC_WARN_ABOUT_RETURN_TYPE = YES_ERROR;
				GCC_WARN_UNDECLARED_SELECTOR = YES;
				GCC_WARN_UNINITIALIZED_AUTOS = YES_AGGRESSIVE;
				GCC_WARN_UNUSED_FUNCTION = YES;
				GCC_WARN_UNUSED_VARIABLE = YES;
				IPHONEOS_DEPLOYMENT_TARGET = 17.0;
				LOCALIZATION_PREFERS_STRING_CATALOGS = YES;
				MTL_ENABLE_DEBUG_INFO = NO;
				MTL_FAST_MATH = YES;
				SDKROOT = iphoneos;
				SWIFT_COMPILATION_MODE = wholemodule;
				VALIDATE_PRODUCT = YES;
			};
			name = Release;
		};
		088A11332CE595B900EC1002 /* Debug */ = {
			isa = XCBuildConfiguration;
			baseConfigurationReference = 088A11402CE5975500EC1002 /* Debug.xcconfig */;
			buildSettings = {
				ASSETCATALOG_COMPILER_APPICON_NAME = AppIcon;
				ASSETCATALOG_COMPILER_GLOBAL_ACCENT_COLOR_NAME = AccentColor;
				CODE_SIGN_STYLE = Automatic;
				CURRENT_PROJECT_VERSION = "$(APP_BUILD)";
				DEVELOPMENT_TEAM = RKF34AM7UT;
				GENERATE_INFOPLIST_FILE = YES;
				INFOPLIST_FILE = MiTunes/Info.plist;
				INFOPLIST_KEY_CFBundleDisplayName = "MiTunes-Debug";
				INFOPLIST_KEY_UIApplicationSupportsIndirectInputEvents = YES;
				INFOPLIST_KEY_UILaunchStoryboardName = LaunchScreen;
				INFOPLIST_KEY_UISupportedInterfaceOrientations_iPad = "UIInterfaceOrientationPortrait UIInterfaceOrientationPortraitUpsideDown UIInterfaceOrientationLandscapeLeft UIInterfaceOrientationLandscapeRight";
				INFOPLIST_KEY_UISupportedInterfaceOrientations_iPhone = "UIInterfaceOrientationPortrait UIInterfaceOrientationLandscapeLeft UIInterfaceOrientationLandscapeRight";
				LD_RUNPATH_SEARCH_PATHS = (
					"$(inherited)",
					"@executable_path/Frameworks",
				);
				MARKETING_VERSION = "$(APP_VERSION)";
				PRODUCT_BUNDLE_IDENTIFIER = "$(APP_BUNDLE_IDENTIFIER)";
				PRODUCT_NAME = "$(APP_PRODUCT_NAME)";
				SWIFT_EMIT_LOC_STRINGS = YES;
				SWIFT_VERSION = 5.0;
				TARGETED_DEVICE_FAMILY = "1,2";
			};
			name = Debug;
		};
		088A11342CE595B900EC1002 /* Release */ = {
			isa = XCBuildConfiguration;
			baseConfigurationReference = 088A113C2CE5974400EC1002 /* Production.xcconfig */;
			buildSettings = {
				ASSETCATALOG_COMPILER_APPICON_NAME = AppIcon;
				ASSETCATALOG_COMPILER_GLOBAL_ACCENT_COLOR_NAME = AccentColor;
				CODE_SIGN_STYLE = Automatic;
				CURRENT_PROJECT_VERSION = "$(APP_BUILD)";
				DEVELOPMENT_TEAM = RKF34AM7UT;
				GENERATE_INFOPLIST_FILE = YES;
				INFOPLIST_FILE = MiTunes/Info.plist;
				INFOPLIST_KEY_CFBundleDisplayName = "MiTunes-Debug";
				INFOPLIST_KEY_UIApplicationSupportsIndirectInputEvents = YES;
				INFOPLIST_KEY_UILaunchStoryboardName = LaunchScreen;
				INFOPLIST_KEY_UISupportedInterfaceOrientations_iPad = "UIInterfaceOrientationPortrait UIInterfaceOrientationPortraitUpsideDown UIInterfaceOrientationLandscapeLeft UIInterfaceOrientationLandscapeRight";
				INFOPLIST_KEY_UISupportedInterfaceOrientations_iPhone = "UIInterfaceOrientationPortrait UIInterfaceOrientationLandscapeLeft UIInterfaceOrientationLandscapeRight";
				LD_RUNPATH_SEARCH_PATHS = (
					"$(inherited)",
					"@executable_path/Frameworks",
				);
				MARKETING_VERSION = "$(APP_VERSION)";
				PRODUCT_BUNDLE_IDENTIFIER = "$(APP_BUNDLE_IDENTIFIER)";
				PRODUCT_NAME = "$(APP_PRODUCT_NAME)";
				SWIFT_EMIT_LOC_STRINGS = YES;
				SWIFT_VERSION = 5.0;
				TARGETED_DEVICE_FAMILY = "1,2";
			};
			name = Release;
		};
		088A11362CE595B900EC1002 /* Debug */ = {
			isa = XCBuildConfiguration;
			buildSettings = {
				ALWAYS_EMBED_SWIFT_STANDARD_LIBRARIES = YES;
				BUNDLE_LOADER = "$(TEST_HOST)";
				CODE_SIGN_STYLE = Automatic;
				CURRENT_PROJECT_VERSION = 1;
				DEVELOPMENT_TEAM = RKF34AM7UT;
				GENERATE_INFOPLIST_FILE = YES;
				IPHONEOS_DEPLOYMENT_TARGET = 17.0;
				MARKETING_VERSION = 1.0;
				PRODUCT_BUNDLE_IDENTIFIER = com.nfhipona.MiTunesTests;
				PRODUCT_NAME = "$(TARGET_NAME)";
				SWIFT_EMIT_LOC_STRINGS = NO;
				SWIFT_VERSION = 5.0;
				TARGETED_DEVICE_FAMILY = "1,2";
				TEST_HOST = "$(BUILT_PRODUCTS_DIR)/MiTunes.app/$(BUNDLE_EXECUTABLE_FOLDER_PATH)/MiTunes";
			};
			name = Debug;
		};
		088A11372CE595B900EC1002 /* Release */ = {
			isa = XCBuildConfiguration;
			buildSettings = {
				ALWAYS_EMBED_SWIFT_STANDARD_LIBRARIES = YES;
				BUNDLE_LOADER = "$(TEST_HOST)";
				CODE_SIGN_STYLE = Automatic;
				CURRENT_PROJECT_VERSION = 1;
				DEVELOPMENT_TEAM = RKF34AM7UT;
				GENERATE_INFOPLIST_FILE = YES;
				IPHONEOS_DEPLOYMENT_TARGET = 17.0;
				MARKETING_VERSION = 1.0;
				PRODUCT_BUNDLE_IDENTIFIER = com.nfhipona.MiTunesTests;
				PRODUCT_NAME = "$(TARGET_NAME)";
				SWIFT_EMIT_LOC_STRINGS = NO;
				SWIFT_VERSION = 5.0;
				TARGETED_DEVICE_FAMILY = "1,2";
				TEST_HOST = "$(BUILT_PRODUCTS_DIR)/MiTunes.app/$(BUNDLE_EXECUTABLE_FOLDER_PATH)/MiTunes";
			};
			name = Release;
		};
		088A11392CE595B900EC1002 /* Debug */ = {
			isa = XCBuildConfiguration;
			buildSettings = {
				ALWAYS_EMBED_SWIFT_STANDARD_LIBRARIES = YES;
				CODE_SIGN_STYLE = Automatic;
				CURRENT_PROJECT_VERSION = 1;
				DEVELOPMENT_TEAM = RKF34AM7UT;
				GENERATE_INFOPLIST_FILE = YES;
				MARKETING_VERSION = 1.0;
				PRODUCT_BUNDLE_IDENTIFIER = com.nfhipona.MiTunesUITests;
				PRODUCT_NAME = "$(TARGET_NAME)";
				SWIFT_EMIT_LOC_STRINGS = NO;
				SWIFT_VERSION = 5.0;
				TARGETED_DEVICE_FAMILY = "1,2";
				TEST_TARGET_NAME = MiTunes;
			};
			name = Debug;
		};
		088A113A2CE595B900EC1002 /* Release */ = {
			isa = XCBuildConfiguration;
			buildSettings = {
				ALWAYS_EMBED_SWIFT_STANDARD_LIBRARIES = YES;
				CODE_SIGN_STYLE = Automatic;
				CURRENT_PROJECT_VERSION = 1;
				DEVELOPMENT_TEAM = RKF34AM7UT;
				GENERATE_INFOPLIST_FILE = YES;
				MARKETING_VERSION = 1.0;
				PRODUCT_BUNDLE_IDENTIFIER = com.nfhipona.MiTunesUITests;
				PRODUCT_NAME = "$(TARGET_NAME)";
				SWIFT_EMIT_LOC_STRINGS = NO;
				SWIFT_VERSION = 5.0;
				TARGETED_DEVICE_FAMILY = "1,2";
				TEST_TARGET_NAME = MiTunes;
			};
			name = Release;
		};
/* End XCBuildConfiguration section */

/* Begin XCConfigurationList section */
		088A11002CE595B600EC1002 /* Build configuration list for PBXProject "MiTunes" */ = {
			isa = XCConfigurationList;
			buildConfigurations = (
				088A11302CE595B900EC1002 /* Debug */,
				088A11312CE595B900EC1002 /* Release */,
			);
			defaultConfigurationIsVisible = 0;
			defaultConfigurationName = Release;
		};
		088A11322CE595B900EC1002 /* Build configuration list for PBXNativeTarget "MiTunes" */ = {
			isa = XCConfigurationList;
			buildConfigurations = (
				088A11332CE595B900EC1002 /* Debug */,
				088A11342CE595B900EC1002 /* Release */,
			);
			defaultConfigurationIsVisible = 0;
			defaultConfigurationName = Release;
		};
		088A11352CE595B900EC1002 /* Build configuration list for PBXNativeTarget "MiTunesTests" */ = {
			isa = XCConfigurationList;
			buildConfigurations = (
				088A11362CE595B900EC1002 /* Debug */,
				088A11372CE595B900EC1002 /* Release */,
			);
			defaultConfigurationIsVisible = 0;
			defaultConfigurationName = Release;
		};
		088A11382CE595B900EC1002 /* Build configuration list for PBXNativeTarget "MiTunesUITests" */ = {
			isa = XCConfigurationList;
			buildConfigurations = (
				088A11392CE595B900EC1002 /* Debug */,
				088A113A2CE595B900EC1002 /* Release */,
			);
			defaultConfigurationIsVisible = 0;
			defaultConfigurationName = Release;
		};
/* End XCConfigurationList section */

/* Begin XCVersionGroup section */
		088A11112CE595B600EC1002 /* MiTunes.xcdatamodeld */ = {
			isa = XCVersionGroup;
			children = (
				088A11122CE595B600EC1002 /* MiTunes.xcdatamodel */,
			);
			currentVersion = 088A11122CE595B600EC1002 /* MiTunes.xcdatamodel */;
			path = MiTunes.xcdatamodeld;
			sourceTree = "<group>";
			versionGroupType = wrapper.xcdatamodel;
		};
/* End XCVersionGroup section */
	};
	rootObject = 088A10FD2CE595B600EC1002 /* Project object */;
}
